
Microsoft Visual Studio Solution File, Format Version 12.00
# Visual Studio Version 17
VisualStudioVersion = 17.4.33122.133
MinimumVisualStudioVersion = 10.0.40219.1
Project("{9A19103F-16F7-4668-BE54-9A1E7A4F7556}") = "Controle_Regina_Cliente", "Controle_Regina_Cliente\Controle_Regina_Cliente.csproj", "{1853AE77-DE06-48B7-B271-0BBA0077301F}"
EndProject
Project("{54435603-DBB4-11D2-8724-00A0C9A8B90C}") = "Implementacao System", "Implementacao System\Implementacao System.vdproj", "{2F6C09AC-FDFC-4736-BC99-AEE6ACD838E5}"
EndProject
Global
	GlobalSection(SolutionConfigurationPlatforms) = preSolution
		Debug|Any CPU = Debug|Any CPU
		Release|Any CPU = Release|Any CPU
	EndGlobalSection
	GlobalSection(ProjectConfigurationPlatforms) = postSolution
		{1853AE77-DE06-48B7-B271-0BBA0077301F}.Debug|Any CPU.ActiveCfg = Debug|Any CPU
		{1853AE77-DE06-48B7-B271-0BBA0077301F}.Debug|Any CPU.Build.0 = Debug|Any CPU
		{1853AE77-DE06-48B7-B271-0BBA0077301F}.Release|Any CPU.ActiveCfg = Release|Any CPU
		{1853AE77-DE06-48B7-B271-0BBA0077301F}.Release|Any CPU.Build.0 = Release|Any CPU
		{2F6C09AC-FDFC-4736-BC99-AEE6ACD838E5}.Debug|Any CPU.ActiveCfg = Debug
		{2F6C09AC-FDFC-4736-BC99-AEE6ACD838E5}.Release|Any CPU.ActiveCfg = Release
	EndGlobalSection
	GlobalSection(SolutionProperties) = preSolution
		HideSolutionNode = FALSE
	EndGlobalSection
	GlobalSection(ExtensibilityGlobals) = postSolution
		SolutionGuid = {68B5A713-45B7-4972-8C7A-1FC54DF8F435}
	EndGlobalSection
EndGlobal
